
Microsoft Visual Studio Solution File, Format Version 12.00
# Visual Studio Version 17
VisualStudioVersion = 17.10.34814.14
MinimumVisualStudioVersion = 10.0.40219.1
Project("{888888A0-9F3D-457C-B088-3A5042F75D52}") = "Main", "Main.pyproj", "{FB84D0CC-3C14-4E62-BEAC-CECC0143F44B}"
EndProject
Global
	GlobalSection(SolutionConfigurationPlatforms) = preSolution
		BMICalc|Any CPU = BMICalc|Any CPU
		Debug|Any CPU = Debug|Any CPU
		Release|Any CPU = Release|Any CPU
	EndGlobalSection
	GlobalSection(ProjectConfigurationPlatforms) = postSolution
		{FB84D0CC-3C14-4E62-BEAC-CECC0143F44B}.BMICalc|Any CPU.ActiveCfg = Release|Any CPU
		{FB84D0CC-3C14-4E62-BEAC-CECC0143F44B}.Debug|Any CPU.ActiveCfg = Debug|Any CPU
		{FB84D0CC-3C14-4E62-BEAC-CECC0143F44B}.Release|Any CPU.ActiveCfg = Release|Any CPU
	EndGlobalSection
	GlobalSection(SolutionProperties) = preSolution
		HideSolutionNode = FALSE
	EndGlobalSection
	GlobalSection(ExtensibilityGlobals) = postSolution
		SolutionGuid = {E6393B15-B8D3-4741-BFDD-3CF4C3E6DBDF}
	EndGlobalSection
EndGlobal
